
Microsoft Visual Studio Solution File, Format Version 12.00
# Visual Studio Version 16
VisualStudioVersion = 16.0.30717.126
MinimumVisualStudioVersion = 10.0.40219.1
Project("{2150E333-8FDC-42A3-9474-1A3956D46DE8}") = "01 - Testes de unidade", "01 - Testes de unidade", "{6FE1A03B-0497-44ED-B0F3-466632A62993}"
EndProject
Project("{2150E333-8FDC-42A3-9474-1A3956D46DE8}") = "1.1 - Testes básicos", "1.1 - Testes básicos", "{C95B59CD-2898-448F-A6A0-4443F4F71CD2}"
EndProject
Project("{9A19103F-16F7-4668-BE54-9A1E7A4F7556}") = "Demonstracao", "Testes de unidade\Demonstracao\Demonstracao.csproj", "{221B8367-55E5-484F-B01D-F8A93D09D36E}"
EndProject
Project("{9A19103F-16F7-4668-BE54-9A1E7A4F7556}") = "Demonstracao.Tests", "Testes de unidade\Demonstracao.Tests\Demonstracao.Tests.csproj", "{F29277A2-81CF-492C-A0DA-7CA2A0F31B82}"
EndProject
Project("{2150E333-8FDC-42A3-9474-1A3956D46DE8}") = "2.2 - Features", "2.2 - Features", "{4F783014-44FC-44A1-9E2F-F932F5B5EA0E}"
EndProject
Project("{9A19103F-16F7-4668-BE54-9A1E7A4F7556}") = "Features", "Testes de unidade\Features\Features.csproj", "{AA8BBA9F-3DB1-45BD-86B4-1178D33BEED2}"
EndProject
Project("{9A19103F-16F7-4668-BE54-9A1E7A4F7556}") = "Features.Tests", "Testes de unidade\Features.Tests\Features.Tests.csproj", "{FFC3E447-A53A-444B-9490-457ECE8FE11C}"
EndProject
Project("{2150E333-8FDC-42A3-9474-1A3956D46DE8}") = "02 - TDD", "02 - TDD", "{60E062F6-1CF5-4EAD-8D5D-655759C5A7CA}"
EndProject
Project("{2150E333-8FDC-42A3-9474-1A3956D46DE8}") = "Tests", "Tests", "{1E744719-B008-47AA-BE66-8174488F5672}"
EndProject
Project("{9A19103F-16F7-4668-BE54-9A1E7A4F7556}") = "NerdStore.Core", "Testes de unidade\TDD\NerdStore.Core\NerdStore.Core.csproj", "{676DBFD3-FA66-43D5-9E9B-A0D54AD6B6E6}"
EndProject
Project("{9A19103F-16F7-4668-BE54-9A1E7A4F7556}") = "NerdStore.Vendas.Application", "Testes de unidade\TDD\NerdStore.Vendas.Application\NerdStore.Vendas.Application.csproj", "{E466FAE6-A0CB-4CBF-AC0F-9044B85BEA6F}"
EndProject
Project("{9A19103F-16F7-4668-BE54-9A1E7A4F7556}") = "NerdStore.Vendas.Data", "Testes de unidade\TDD\NerdStore.Vendas.Data\NerdStore.Vendas.Data.csproj", "{57B2231C-8A92-49E9-9354-59236C1E0035}"
EndProject
Project("{9A19103F-16F7-4668-BE54-9A1E7A4F7556}") = "NerdStore.Vendas.Domain", "Testes de unidade\TDD\NerdStore.Vendas.Domain\NerdStore.Vendas.Domain.csproj", "{050963B4-5206-485F-9A89-CA1C913A50D9}"
EndProject
Project("{9A19103F-16F7-4668-BE54-9A1E7A4F7556}") = "NerdStore.Vendas.Domain.Tests", "Testes de unidade\TDD\NerdStore.Vendas.Domain.Tests\NerdStore.Vendas.Domain.Tests.csproj", "{B88E04EA-F5AB-4301-825B-183BDC45DFC7}"
EndProject
Project("{9A19103F-16F7-4668-BE54-9A1E7A4F7556}") = "NerdStore.Vendas.App.Tests", "Testes de unidade\TDD\NerdStore.Vendas.App.Tests\NerdStore.Vendas.App.Tests.csproj", "{691F8D1D-4EDF-4E3A-AC91-B6CDBF2979E1}"
EndProject
Project("{2150E333-8FDC-42A3-9474-1A3956D46DE8}") = "03 - Testes de integração", "03 - Testes de integração", "{EC43203A-9181-4340-BDF6-BEA00078A709}"
EndProject
Project("{2150E333-8FDC-42A3-9474-1A3956D46DE8}") = "Integration tests", "Integration tests", "{AF828716-E546-44AF-8A7F-565D881211C4}"
EndProject
Project("{9A19103F-16F7-4668-BE54-9A1E7A4F7556}") = "NerdStore.WebApp.Test", "NerdStore.WebApp.Test\NerdStore.WebApp.Test.csproj", "{5AEC9F55-DF3C-4F86-9808-2F0693DCAAF0}"
EndProject
Project("{9A19103F-16F7-4668-BE54-9A1E7A4F7556}") = "NerdStore.Catalogo.Data", "Testes de unidade\TesteIntegracao\NerdStore.Catalogo.Data\NerdStore.Catalogo.Data.csproj", "{74BF907A-C9BF-42DC-8A72-083634E0B577}"
EndProject
Project("{9A19103F-16F7-4668-BE54-9A1E7A4F7556}") = "NerdStore.Catalogo.Domain", "Testes de unidade\TesteIntegracao\NerdStore.Catalogo.Domain\NerdStore.Catalogo.Domain.csproj", "{BEF670F6-3DC1-43C2-B959-F0B612A55680}"
EndProject
Project("{9A19103F-16F7-4668-BE54-9A1E7A4F7556}") = "NerdStore.Catalogo.Application", "Testes de unidade\TesteIntegracao\app\NerdStore.Catalogo.Application.csproj", "{DF56EB0C-17F4-489E-9473-5C56ED07BF60}"
EndProject
Project("{9A19103F-16F7-4668-BE54-9A1E7A4F7556}") = "NerdStore.WebApp.MVC", "NerdStore.WebApp.MVC\NerdStore.WebApp.MVC.csproj", "{8EE60107-0692-4E2A-8D49-5ED9A1C27AA5}"
EndProject
Global
	GlobalSection(SolutionConfigurationPlatforms) = preSolution
		Debug|Any CPU = Debug|Any CPU
		Release|Any CPU = Release|Any CPU
	EndGlobalSection
	GlobalSection(ProjectConfigurationPlatforms) = postSolution
		{221B8367-55E5-484F-B01D-F8A93D09D36E}.Debug|Any CPU.ActiveCfg = Debug|Any CPU
		{221B8367-55E5-484F-B01D-F8A93D09D36E}.Debug|Any CPU.Build.0 = Debug|Any CPU
		{221B8367-55E5-484F-B01D-F8A93D09D36E}.Release|Any CPU.ActiveCfg = Release|Any CPU
		{221B8367-55E5-484F-B01D-F8A93D09D36E}.Release|Any CPU.Build.0 = Release|Any CPU
		{F29277A2-81CF-492C-A0DA-7CA2A0F31B82}.Debug|Any CPU.ActiveCfg = Debug|Any CPU
		{F29277A2-81CF-492C-A0DA-7CA2A0F31B82}.Debug|Any CPU.Build.0 = Debug|Any CPU
		{F29277A2-81CF-492C-A0DA-7CA2A0F31B82}.Release|Any CPU.ActiveCfg = Release|Any CPU
		{F29277A2-81CF-492C-A0DA-7CA2A0F31B82}.Release|Any CPU.Build.0 = Release|Any CPU
		{AA8BBA9F-3DB1-45BD-86B4-1178D33BEED2}.Debug|Any CPU.ActiveCfg = Debug|Any CPU
		{AA8BBA9F-3DB1-45BD-86B4-1178D33BEED2}.Debug|Any CPU.Build.0 = Debug|Any CPU
		{AA8BBA9F-3DB1-45BD-86B4-1178D33BEED2}.Release|Any CPU.ActiveCfg = Release|Any CPU
		{AA8BBA9F-3DB1-45BD-86B4-1178D33BEED2}.Release|Any CPU.Build.0 = Release|Any CPU
		{FFC3E447-A53A-444B-9490-457ECE8FE11C}.Debug|Any CPU.ActiveCfg = Debug|Any CPU
		{FFC3E447-A53A-444B-9490-457ECE8FE11C}.Debug|Any CPU.Build.0 = Debug|Any CPU
		{FFC3E447-A53A-444B-9490-457ECE8FE11C}.Release|Any CPU.ActiveCfg = Release|Any CPU
		{FFC3E447-A53A-444B-9490-457ECE8FE11C}.Release|Any CPU.Build.0 = Release|Any CPU
		{676DBFD3-FA66-43D5-9E9B-A0D54AD6B6E6}.Debug|Any CPU.ActiveCfg = Debug|Any CPU
		{676DBFD3-FA66-43D5-9E9B-A0D54AD6B6E6}.Debug|Any CPU.Build.0 = Debug|Any CPU
		{676DBFD3-FA66-43D5-9E9B-A0D54AD6B6E6}.Release|Any CPU.ActiveCfg = Release|Any CPU
		{676DBFD3-FA66-43D5-9E9B-A0D54AD6B6E6}.Release|Any CPU.Build.0 = Release|Any CPU
		{E466FAE6-A0CB-4CBF-AC0F-9044B85BEA6F}.Debug|Any CPU.ActiveCfg = Debug|Any CPU
		{E466FAE6-A0CB-4CBF-AC0F-9044B85BEA6F}.Debug|Any CPU.Build.0 = Debug|Any CPU
		{E466FAE6-A0CB-4CBF-AC0F-9044B85BEA6F}.Release|Any CPU.ActiveCfg = Release|Any CPU
		{E466FAE6-A0CB-4CBF-AC0F-9044B85BEA6F}.Release|Any CPU.Build.0 = Release|Any CPU
		{57B2231C-8A92-49E9-9354-59236C1E0035}.Debug|Any CPU.ActiveCfg = Debug|Any CPU
		{57B2231C-8A92-49E9-9354-59236C1E0035}.Debug|Any CPU.Build.0 = Debug|Any CPU
		{57B2231C-8A92-49E9-9354-59236C1E0035}.Release|Any CPU.ActiveCfg = Release|Any CPU
		{57B2231C-8A92-49E9-9354-59236C1E0035}.Release|Any CPU.Build.0 = Release|Any CPU
		{050963B4-5206-485F-9A89-CA1C913A50D9}.Debug|Any CPU.ActiveCfg = Debug|Any CPU
		{050963B4-5206-485F-9A89-CA1C913A50D9}.Debug|Any CPU.Build.0 = Debug|Any CPU
		{050963B4-5206-485F-9A89-CA1C913A50D9}.Release|Any CPU.ActiveCfg = Release|Any CPU
		{050963B4-5206-485F-9A89-CA1C913A50D9}.Release|Any CPU.Build.0 = Release|Any CPU
		{B88E04EA-F5AB-4301-825B-183BDC45DFC7}.Debug|Any CPU.ActiveCfg = Debug|Any CPU
		{B88E04EA-F5AB-4301-825B-183BDC45DFC7}.Debug|Any CPU.Build.0 = Debug|Any CPU
		{B88E04EA-F5AB-4301-825B-183BDC45DFC7}.Release|Any CPU.ActiveCfg = Release|Any CPU
		{B88E04EA-F5AB-4301-825B-183BDC45DFC7}.Release|Any CPU.Build.0 = Release|Any CPU
		{691F8D1D-4EDF-4E3A-AC91-B6CDBF2979E1}.Debug|Any CPU.ActiveCfg = Debug|Any CPU
		{691F8D1D-4EDF-4E3A-AC91-B6CDBF2979E1}.Debug|Any CPU.Build.0 = Debug|Any CPU
		{691F8D1D-4EDF-4E3A-AC91-B6CDBF2979E1}.Release|Any CPU.ActiveCfg = Release|Any CPU
		{691F8D1D-4EDF-4E3A-AC91-B6CDBF2979E1}.Release|Any CPU.Build.0 = Release|Any CPU
		{5AEC9F55-DF3C-4F86-9808-2F0693DCAAF0}.Debug|Any CPU.ActiveCfg = Debug|Any CPU
		{5AEC9F55-DF3C-4F86-9808-2F0693DCAAF0}.Debug|Any CPU.Build.0 = Debug|Any CPU
		{5AEC9F55-DF3C-4F86-9808-2F0693DCAAF0}.Release|Any CPU.ActiveCfg = Release|Any CPU
		{5AEC9F55-DF3C-4F86-9808-2F0693DCAAF0}.Release|Any CPU.Build.0 = Release|Any CPU
		{74BF907A-C9BF-42DC-8A72-083634E0B577}.Debug|Any CPU.ActiveCfg = Debug|Any CPU
		{74BF907A-C9BF-42DC-8A72-083634E0B577}.Debug|Any CPU.Build.0 = Debug|Any CPU
		{74BF907A-C9BF-42DC-8A72-083634E0B577}.Release|Any CPU.ActiveCfg = Release|Any CPU
		{74BF907A-C9BF-42DC-8A72-083634E0B577}.Release|Any CPU.Build.0 = Release|Any CPU
		{BEF670F6-3DC1-43C2-B959-F0B612A55680}.Debug|Any CPU.ActiveCfg = Debug|Any CPU
		{BEF670F6-3DC1-43C2-B959-F0B612A55680}.Debug|Any CPU.Build.0 = Debug|Any CPU
		{BEF670F6-3DC1-43C2-B959-F0B612A55680}.Release|Any CPU.ActiveCfg = Release|Any CPU
		{BEF670F6-3DC1-43C2-B959-F0B612A55680}.Release|Any CPU.Build.0 = Release|Any CPU
		{DF56EB0C-17F4-489E-9473-5C56ED07BF60}.Debug|Any CPU.ActiveCfg = Debug|Any CPU
		{DF56EB0C-17F4-489E-9473-5C56ED07BF60}.Debug|Any CPU.Build.0 = Debug|Any CPU
		{DF56EB0C-17F4-489E-9473-5C56ED07BF60}.Release|Any CPU.ActiveCfg = Release|Any CPU
		{DF56EB0C-17F4-489E-9473-5C56ED07BF60}.Release|Any CPU.Build.0 = Release|Any CPU
		{8EE60107-0692-4E2A-8D49-5ED9A1C27AA5}.Debug|Any CPU.ActiveCfg = Debug|Any CPU
		{8EE60107-0692-4E2A-8D49-5ED9A1C27AA5}.Debug|Any CPU.Build.0 = Debug|Any CPU
		{8EE60107-0692-4E2A-8D49-5ED9A1C27AA5}.Release|Any CPU.ActiveCfg = Release|Any CPU
		{8EE60107-0692-4E2A-8D49-5ED9A1C27AA5}.Release|Any CPU.Build.0 = Release|Any CPU
	EndGlobalSection
	GlobalSection(SolutionProperties) = preSolution
		HideSolutionNode = FALSE
	EndGlobalSection
	GlobalSection(NestedProjects) = preSolution
		{C95B59CD-2898-448F-A6A0-4443F4F71CD2} = {6FE1A03B-0497-44ED-B0F3-466632A62993}
		{221B8367-55E5-484F-B01D-F8A93D09D36E} = {C95B59CD-2898-448F-A6A0-4443F4F71CD2}
		{F29277A2-81CF-492C-A0DA-7CA2A0F31B82} = {C95B59CD-2898-448F-A6A0-4443F4F71CD2}
		{4F783014-44FC-44A1-9E2F-F932F5B5EA0E} = {6FE1A03B-0497-44ED-B0F3-466632A62993}
		{AA8BBA9F-3DB1-45BD-86B4-1178D33BEED2} = {4F783014-44FC-44A1-9E2F-F932F5B5EA0E}
		{FFC3E447-A53A-444B-9490-457ECE8FE11C} = {4F783014-44FC-44A1-9E2F-F932F5B5EA0E}
		{1E744719-B008-47AA-BE66-8174488F5672} = {60E062F6-1CF5-4EAD-8D5D-655759C5A7CA}
		{676DBFD3-FA66-43D5-9E9B-A0D54AD6B6E6} = {60E062F6-1CF5-4EAD-8D5D-655759C5A7CA}
		{E466FAE6-A0CB-4CBF-AC0F-9044B85BEA6F} = {60E062F6-1CF5-4EAD-8D5D-655759C5A7CA}
		{57B2231C-8A92-49E9-9354-59236C1E0035} = {60E062F6-1CF5-4EAD-8D5D-655759C5A7CA}
		{050963B4-5206-485F-9A89-CA1C913A50D9} = {60E062F6-1CF5-4EAD-8D5D-655759C5A7CA}
		{B88E04EA-F5AB-4301-825B-183BDC45DFC7} = {1E744719-B008-47AA-BE66-8174488F5672}
		{691F8D1D-4EDF-4E3A-AC91-B6CDBF2979E1} = {1E744719-B008-47AA-BE66-8174488F5672}
		{AF828716-E546-44AF-8A7F-565D881211C4} = {EC43203A-9181-4340-BDF6-BEA00078A709}
		{5AEC9F55-DF3C-4F86-9808-2F0693DCAAF0} = {AF828716-E546-44AF-8A7F-565D881211C4}
		{74BF907A-C9BF-42DC-8A72-083634E0B577} = {EC43203A-9181-4340-BDF6-BEA00078A709}
		{BEF670F6-3DC1-43C2-B959-F0B612A55680} = {EC43203A-9181-4340-BDF6-BEA00078A709}
		{DF56EB0C-17F4-489E-9473-5C56ED07BF60} = {EC43203A-9181-4340-BDF6-BEA00078A709}
		{8EE60107-0692-4E2A-8D49-5ED9A1C27AA5} = {EC43203A-9181-4340-BDF6-BEA00078A709}
	EndGlobalSection
	GlobalSection(ExtensibilityGlobals) = postSolution
		SolutionGuid = {8B1E9D40-BEFF-4D07-9E95-DF27F5A1BC5C}
	EndGlobalSection
EndGlobal
